
Microsoft Visual Studio Solution File, Format Version 12.00
# Visual Studio Version 16
VisualStudioVersion = 16.0.32126.315
MinimumVisualStudioVersion = 10.0.40219.1
Project("{FAE04EC0-301F-11D3-BF4B-00C04F79EFBC}") = "FEH-Planner", "FEH-Planner.csproj", "{76388BA3-45EA-4FB5-B7AE-E07CD0337246}"
EndProject
Global
	GlobalSection(SolutionConfigurationPlatforms) = preSolution
		Debug|Any CPU = Debug|Any CPU
		Release|Any CPU = Release|Any CPU
	EndGlobalSection
	GlobalSection(ProjectConfigurationPlatforms) = postSolution
		{76388BA3-45EA-4FB5-B7AE-E07CD0337246}.Debug|Any CPU.ActiveCfg = Debug|Any CPU
		{76388BA3-45EA-4FB5-B7AE-E07CD0337246}.Debug|Any CPU.Build.0 = Debug|Any CPU
		{76388BA3-45EA-4FB5-B7AE-E07CD0337246}.Release|Any CPU.ActiveCfg = Release|Any CPU
		{76388BA3-45EA-4FB5-B7AE-E07CD0337246}.Release|Any CPU.Build.0 = Release|Any CPU
	EndGlobalSection
	GlobalSection(SolutionProperties) = preSolution
		HideSolutionNode = FALSE
	EndGlobalSection
	GlobalSection(ExtensibilityGlobals) = postSolution
		SolutionGuid = {35EFDB63-B60B-4DEA-A69B-E42CC9B97DB9}
	EndGlobalSection
EndGlobal
